
Microsoft Visual Studio Solution File, Format Version 12.00
# 
Project("{FAE04EC0-301F-11D3-BF4B-00C04F79EFBC}") = "Syzoj.Api", "Syzoj.Api\Syzoj.Api.csproj", "{9A1BD5BA-B223-48C2-8048-B37A091C1FEF}"
EndProject
Project("{FAE04EC0-301F-11D3-BF4B-00C04F79EFBC}") = "Syzoj.Api.Test", "Syzoj.Api.Test\Syzoj.Api.Test.csproj", "{0FF13AFC-9F57-4021-9348-29677AAFC1BA}"
EndProject
Global
	GlobalSection(SolutionConfigurationPlatforms) = preSolution
		Debug|Any CPU = Debug|Any CPU
		Release|Any CPU = Release|Any CPU
	EndGlobalSection
	GlobalSection(ProjectConfigurationPlatforms) = postSolution
		{9A1BD5BA-B223-48C2-8048-B37A091C1FEF}.Debug|Any CPU.ActiveCfg = Debug|Any CPU
		{9A1BD5BA-B223-48C2-8048-B37A091C1FEF}.Debug|Any CPU.Build.0 = Debug|Any CPU
		{9A1BD5BA-B223-48C2-8048-B37A091C1FEF}.Release|Any CPU.ActiveCfg = Release|Any CPU
		{9A1BD5BA-B223-48C2-8048-B37A091C1FEF}.Release|Any CPU.Build.0 = Release|Any CPU
		{0FF13AFC-9F57-4021-9348-29677AAFC1BA}.Debug|Any CPU.ActiveCfg = Debug|Any CPU
		{0FF13AFC-9F57-4021-9348-29677AAFC1BA}.Debug|Any CPU.Build.0 = Debug|Any CPU
		{0FF13AFC-9F57-4021-9348-29677AAFC1BA}.Release|Any CPU.ActiveCfg = Release|Any CPU
		{0FF13AFC-9F57-4021-9348-29677AAFC1BA}.Release|Any CPU.Build.0 = Release|Any CPU
	EndGlobalSection
EndGlobal
